
Microsoft Visual Studio Solution File, Format Version 12.00
# Visual Studio Version 17
VisualStudioVersion = 17.2.32519.379
MinimumVisualStudioVersion = 10.0.40219.1
Project("{FAE04EC0-301F-11D3-BF4B-00C04F79EFBC}") = "Proekt", "Proekt\Proekt.csproj", "{F21FB820-B5CE-4718-A999-E2C7BF3D5557}"
EndProject
Global
	GlobalSection(SolutionConfigurationPlatforms) = preSolution
		Debug|Any CPU = Debug|Any CPU
		Release|Any CPU = Release|Any CPU
	EndGlobalSection
	GlobalSection(ProjectConfigurationPlatforms) = postSolution
		{F21FB820-B5CE-4718-A999-E2C7BF3D5557}.Debug|Any CPU.ActiveCfg = Debug|Any CPU
		{F21FB820-B5CE-4718-A999-E2C7BF3D5557}.Debug|Any CPU.Build.0 = Debug|Any CPU
		{F21FB820-B5CE-4718-A999-E2C7BF3D5557}.Release|Any CPU.ActiveCfg = Release|Any CPU
		{F21FB820-B5CE-4718-A999-E2C7BF3D5557}.Release|Any CPU.Build.0 = Release|Any CPU
	EndGlobalSection
	GlobalSection(SolutionProperties) = preSolution
		HideSolutionNode = FALSE
	EndGlobalSection
	GlobalSection(ExtensibilityGlobals) = postSolution
		SolutionGuid = {A6F3CD9B-CBA8-49B5-8FF0-134B69144F68}
	EndGlobalSection
EndGlobal
